
Microsoft Visual Studio Solution File, Format Version 12.00
# Visual Studio Version 16
VisualStudioVersion = 16.0.31019.35
MinimumVisualStudioVersion = 10.0.40219.1
Project("{FAE04EC0-301F-11D3-BF4B-00C04F79EFBC}") = "WebApplication1", "WebApplication1.csproj", "{40F366C6-61B1-4234-A028-EF34C1491A9C}"
EndProject
Global
	GlobalSection(SolutionConfigurationPlatforms) = preSolution
		Debug|Any CPU = Debug|Any CPU
		Release|Any CPU = Release|Any CPU
	EndGlobalSection
	GlobalSection(ProjectConfigurationPlatforms) = postSolution
		{40F366C6-61B1-4234-A028-EF34C1491A9C}.Debug|Any CPU.ActiveCfg = Debug|Any CPU
		{40F366C6-61B1-4234-A028-EF34C1491A9C}.Debug|Any CPU.Build.0 = Debug|Any CPU
		{40F366C6-61B1-4234-A028-EF34C1491A9C}.Release|Any CPU.ActiveCfg = Release|Any CPU
		{40F366C6-61B1-4234-A028-EF34C1491A9C}.Release|Any CPU.Build.0 = Release|Any CPU
	EndGlobalSection
	GlobalSection(SolutionProperties) = preSolution
		HideSolutionNode = FALSE
	EndGlobalSection
	GlobalSection(ExtensibilityGlobals) = postSolution
		SolutionGuid = {5FEF3E01-A5E6-4B01-87A1-B83244696937}
	EndGlobalSection
EndGlobal
